
Microsoft Visual Studio Solution File, Format Version 12.00
# Visual Studio 15
VisualStudioVersion = 15.0.28307.1500
MinimumVisualStudioVersion = 10.0.40219.1
Project("{FAE04EC0-301F-11D3-BF4B-00C04F79EFBC}") = "studbApi", "studbApi\studbApi.csproj", "{C8AE4290-A5F3-4E6D-8614-642BB401E404}"
EndProject
Global
	GlobalSection(SolutionConfigurationPlatforms) = preSolution
		Debug|Any CPU = Debug|Any CPU
		Release|Any CPU = Release|Any CPU
	EndGlobalSection
	GlobalSection(ProjectConfigurationPlatforms) = postSolution
		{C8AE4290-A5F3-4E6D-8614-642BB401E404}.Debug|Any CPU.ActiveCfg = Debug|Any CPU
		{C8AE4290-A5F3-4E6D-8614-642BB401E404}.Debug|Any CPU.Build.0 = Debug|Any CPU
		{C8AE4290-A5F3-4E6D-8614-642BB401E404}.Release|Any CPU.ActiveCfg = Release|Any CPU
		{C8AE4290-A5F3-4E6D-8614-642BB401E404}.Release|Any CPU.Build.0 = Release|Any CPU
	EndGlobalSection
	GlobalSection(SolutionProperties) = preSolution
		HideSolutionNode = FALSE
	EndGlobalSection
	GlobalSection(ExtensibilityGlobals) = postSolution
		SolutionGuid = {E41ADBAC-2198-4450-AD52-AF0B5AFE360C}
	EndGlobalSection
EndGlobal
